// !$*UTF8*$!
{
	archiveVersion = 1;
	classes = {
	};
	objectVersion = 46;
	objects = {

/* Begin PBXBuildFile section */
		F320D76B1EAC27530019BB8D /* AppDelegate.swift in Sources */ = {isa = PBXBuildFile; fileRef = F320D76A1EAC27530019BB8D /* AppDelegate.swift */; };
		F320D76D1EAC27530019BB8D /* ViewController.swift in Sources */ = {isa = PBXBuildFile; fileRef = F320D76C1EAC27530019BB8D /* ViewController.swift */; };
		F320D7701EAC27530019BB8D /* Main.storyboard in Resources */ = {isa = PBXBuildFile; fileRef = F320D76E1EAC27530019BB8D /* Main.storyboard */; };
		F320D7721EAC27530019BB8D /* Assets.xcassets in Resources */ = {isa = PBXBuildFile; fileRef = F320D7711EAC27530019BB8D /* Assets.xcassets */; };
		F320D7751EAC27530019BB8D /* LaunchScreen.storyboard in Resources */ = {isa = PBXBuildFile; fileRef = F320D7731EAC27530019BB8D /* LaunchScreen.storyboard */; };
		F320D77D1EAC28200019BB8D /* FantasticView.swift in Sources */ = {isa = PBXBuildFile; fileRef = F320D77C1EAC28200019BB8D /* FantasticView.swift */; };
/* End PBXBuildFile section */

/* Begin PBXFileReference section */
		F320D7671EAC27530019BB8D /* FantasticView.app */ = {isa = PBXFileReference; explicitFileType = wrapper.application; includeInIndex = 0; path = FantasticView.app; sourceTree = BUILT_PRODUCTS_DIR; };
		F320D76A1EAC27530019BB8D /* AppDelegate.swift */ = {isa = PBXFileReference; lastKnownFileType = sourcecode.swift; path = AppDelegate.swift; sourceTree = "<group>"; };
		F320D76C1EAC27530019BB8D /* ViewController.swift */ = {isa = PBXFileReference; lastKnownFileType = sourcecode.swift; path = ViewController.swift; sourceTree = "<group>"; };
		F320D76F1EAC27530019BB8D /* Base */ = {isa = PBXFileReference; lastKnownFileType = file.storyboard; name = Base; path = Base.lproj/Main.storyboard; sourceTree = "<group>"; };
		F320D7711EAC27530019BB8D /* Assets.xcassets */ = {isa = PBXFileReference; lastKnownFileType = folder.assetcatalog; path = Assets.xcassets; sourceTree = "<group>"; };
		F320D7741EAC27530019BB8D /* Base */ = {isa = PBXFileReference; lastKnownFileType = file.storyboard; name = Base; path = Base.lproj/LaunchScreen.storyboard; sourceTree = "<group>"; };
		F320D7761EAC27530019BB8D /* Info.plist */ = {isa = PBXFileReference; lastKnownFileType = text.plist.xml; path = Info.plist; sourceTree = "<group>"; };
		F320D77C1EAC28200019BB8D /* FantasticView.swift */ = {isa = PBXFileReference; fileEncoding = 4; lastKnownFileType = sourcecode.swift; path = FantasticView.swift; sourceTree = "<group>"; };
/* End PBXFileReference section */

/* Begin PBXFrameworksBuildPhase section */
		F320D7641EAC27530019BB8D /* Frameworks */ = {
			isa = PBXFrameworksBuildPhase;
			buildActionMask = 2147483647;
			files = (
			);
			runOnlyForDeploymentPostprocessing = 0;
		};
/* End PBXFrameworksBuildPhase section */

/* Begin PBXGroup section */
		F320D75E1EAC27530019BB8D = {
			isa = PBXGroup;
			children = (
				F320D7691EAC27530019BB8D /* FantasticView */,
				F320D7681EAC27530019BB8D /* Products */,
			);
			sourceTree = "<group>";
		};
		F320D7681EAC27530019BB8D /* Products */ = {
			isa = PBXGroup;
			children = (
				F320D7671EAC27530019BB8D /* FantasticView.app */,
			);
			name = Products;
			sourceTree = "<group>";
		};
		F320D7691EAC27530019BB8D /* FantasticView */ = {
			isa = PBXGroup;
			children = (
				F320D76A1EAC27530019BB8D /* AppDelegate.swift */,
				F320D76C1EAC27530019BB8D /* ViewController.swift */,
				F320D77C1EAC28200019BB8D /* FantasticView.swift */,
				F320D76E1EAC27530019BB8D /* Main.storyboard */,
				F320D7711EAC27530019BB8D /* Assets.xcassets */,
				F320D7731EAC27530019BB8D /* LaunchScreen.storyboard */,
				F320D7761EAC27530019BB8D /* Info.plist */,
			);
			path = FantasticView;
			sourceTree = "<group>";
		};
/* End PBXGroup section */

/* Begin PBXNativeTarget section */
		F320D7661EAC27530019BB8D /* FantasticView */ = {
			isa = PBXNativeTarget;
			buildConfigurationList = F320D7791EAC27530019BB8D /* Build configuration list for PBXNativeTarget "FantasticView" */;
			buildPhases = (
				F320D7631EAC27530019BB8D /* Sources */,
				F320D7641EAC27530019BB8D /* Frameworks */,
				F320D7651EAC27530019BB8D /* Resources */,
			);
			buildRules = (
			);
			dependencies = (
			);
			name = FantasticView;
			productName = FantasticView;
			productReference = F320D7671EAC27530019BB8D /* FantasticView.app */;
			productType = "com.apple.product-type.application";
		};
/* End PBXNativeTarget section */

/* Begin PBXProject section */
		F320D75F1EAC27530019BB8D /* Project object */ = {
			isa = PBXProject;
			attributes = {
				LastSwiftUpdateCheck = 0830;
				LastUpgradeCheck = 0830;
				ORGANIZATIONNAME = "Emily Franz-Lien";
				TargetAttributes = {
					F320D7661EAC27530019BB8D = {
						CreatedOnToolsVersion = 8.3.1;
						DevelopmentTeam = 4QK98EWKAE;
						ProvisioningStyle = Automatic;
					};
				};
			};
			buildConfigurationList = F320D7621EAC27530019BB8D /* Build configuration list for PBXProject "FantasticView" */;
			compatibilityVersion = "Xcode 3.2";
			developmentRegion = English;
			hasScannedForEncodings = 0;
			knownRegions = (
				en,
				Base,
			);
			mainGroup = F320D75E1EAC27530019BB8D;
			productRefGroup = F320D7681EAC27530019BB8D /* Products */;
			projectDirPath = "";
			projectRoot = "";
			targets = (
				F320D7661EAC27530019BB8D /* FantasticView */,
			);
		};
/* End PBXProject section */

/* Begin PBXResourcesBuildPhase section */
		F320D7651EAC27530019BB8D /* Resources */ = {
			isa = PBXResourcesBuildPhase;
			buildActionMask = 2147483647;
			files = (
				F320D7751EAC27530019BB8D /* LaunchScreen.storyboard in Resources */,
				F320D7721EAC27530019BB8D /* Assets.xcassets in Resources */,
				F320D7701EAC27530019BB8D /* Main.storyboard in Resources */,
			);
			runOnlyForDeploymentPostprocessing = 0;
		};
/* End PBXResourcesBuildPhase section */

/* Begin PBXSourcesBuildPhase section */
		F320D7631EAC27530019BB8D /* Sources */ = {
			isa = PBXSourcesBuildPhase;
			buildActionMask = 2147483647;
			files = (
				F320D76D1EAC27530019BB8D /* ViewController.swift in Sources */,
				F320D76B1EAC27530019BB8D /* AppDelegate.swift in Sources */,
				F320D77D1EAC28200019BB8D /* FantasticView.swift in Sources */,
			);
			runOnlyForDeploymentPostprocessing = 0;
		};
/* End PBXSourcesBuildPhase section */

/* Begin PBXVariantGroup section */
		F320D76E1EAC27530019BB8D /* Main.storyboard */ = {
			isa = PBXVariantGroup;
			children = (
				F320D76F1EAC27530019BB8D /* Base */,
			);
			name = Main.storyboard;
			sourceTree = "<group>";
		};
		F320D7731EAC27530019BB8D /* LaunchScreen.storyboard */ = {
			isa = PBXVariantGroup;
			children = (
				F320D7741EAC27530019BB8D /* Base */,
			);
			name = LaunchScreen.storyboard;
			sourceTree = "<group>";
		};
/* End PBXVariantGroup section */

/* Begin XCBuildConfiguration section */
		F320D7771EAC27530019BB8D /* Debug */ = {
			isa = XCBuildConfiguration;
			buildSettings = {
				ALWAYS_SEARCH_USER_PATHS = NO;
				CLANG_ANALYZER_NONNULL = YES;
				CLANG_ANALYZER_NUMBER_OBJECT_CONVERSION = YES_AGGRESSIVE;
				CLANG_CXX_LANGUAGE_STANDARD = "gnu++0x";
				CLANG_CXX_LIBRARY = "libc++";
				CLANG_ENABLE_MODULES = YES;
				CLANG_ENABLE_OBJC_ARC = YES;
				CLANG_WARN_BOOL_CONVERSION = YES;
				CLANG_WARN_CONSTANT_CONVERSION = YES;
				CLANG_WARN_DIRECT_OBJC_ISA_USAGE = YES_ERROR;
				CLANG_WARN_DOCUMENTATION_COMMENTS = YES;
				CLANG_WARN_EMPTY_BODY = YES;
				CLANG_WARN_ENUM_CONVERSION = YES;
				CLANG_WARN_INFINITE_RECURSION = YES;
				CLANG_WARN_INT_CONVERSION = YES;
				CLANG_WARN_OBJC_ROOT_CLASS = YES_ERROR;
				CLANG_WARN_SUSPICIOUS_MOVE = YES;
				CLANG_WARN_UNREACHABLE_CODE = YES;
				CLANG_WARN__DUPLICATE_METHOD_MATCH = YES;
				"CODE_SIGN_IDENTITY[sdk=iphoneos*]" = "iPhone Developer";
				COPY_PHASE_STRIP = NO;
				DEBUG_INFORMATION_FORMAT = dwarf;
				ENABLE_STRICT_OBJC_MSGSEND = YES;
				ENABLE_TESTABILITY = YES;
				GCC_C_LANGUAGE_STANDARD = gnu99;
				GCC_DYNAMIC_NO_PIC = NO;
				GCC_NO_COMMON_BLOCKS = YES;
				GCC_OPTIMIZATION_LEVEL = 0;
				GCC_PREPROCESSOR_DEFINITIONS = (
					"DEBUG=1",
					"$(inherited)",
				);
				GCC_WARN_64_TO_32_BIT_CONVERSION = YES;
				GCC_WARN_ABOUT_RETURN_TYPE = YES_ERROR;
				GCC_WARN_UNDECLARED_SELECTOR = YES;
				GCC_WARN_UNINITIALIZED_AUTOS = YES_AGGRESSIVE;
				GCC_WARN_UNUSED_FUNCTION = YES;
				GCC_WARN_UNUSED_VARIABLE = YES;
				IPHONEOS_DEPLOYMENT_TARGET = 10.3;
				MTL_ENABLE_DEBUG_INFO = YES;
				ONLY_ACTIVE_ARCH = YES;
				SDKROOT = iphoneos;
				SWIFT_ACTIVE_COMPILATION_CONDITIONS = DEBUG;
				SWIFT_OPTIMIZATION_LEVEL = "-Onone";
				TARGETED_DEVICE_FAMILY = "1,2";
			};
			name = Debug;
		};
		F320D7781EAC27530019BB8D /* Release */ = {
			isa = XCBuildConfiguration;
			buildSettings = {
				ALWAYS_SEARCH_USER_PATHS = NO;
				CLANG_ANALYZER_NONNULL = YES;
				CLANG_ANALYZER_NUMBER_OBJECT_CONVERSION = YES_AGGRESSIVE;
				CLANG_CXX_LANGUAGE_STANDARD = "gnu++0x";
				CLANG_CXX_LIBRARY = "libc++";
				CLANG_ENABLE_MODULES = YES;
				CLANG_ENABLE_OBJC_ARC = YES;
				CLANG_WARN_BOOL_CONVERSION = YES;
				CLANG_WARN_CONSTANT_CONVERSION = YES;
				CLANG_WARN_DIRECT_OBJC_ISA_USAGE = YES_ERROR;
				CLANG_WARN_DOCUMENTATION_COMMENTS = YES;
				CLANG_WARN_EMPTY_BODY = YES;
				CLANG_WARN_ENUM_CONVERSION = YES;
				CLANG_WARN_INFINITE_RECURSION = YES;
				CLANG_WARN_INT_CONVERSION = YES;
				CLANG_WARN_OBJC_ROOT_CLASS = YES_ERROR;
				CLANG_WARN_SUSPICIOUS_MOVE = YES;
				CLANG_WARN_UNREACHABLE_CODE = YES;
				CLANG_WARN__DUPLICATE_METHOD_MATCH = YES;
				"CODE_SIGN_IDENTITY[sdk=iphoneos*]" = "iPhone Developer";
				COPY_PHASE_STRIP = NO;
				DEBUG_INFORMATION_FORMAT = "dwarf-with-dsym";
				ENABLE_NS_ASSERTIONS = NO;
				ENABLE_STRICT_OBJC_MSGSEND = YES;
				GCC_C_LANGUAGE_STANDARD = gnu99;
				GCC_NO_COMMON_BLOCKS = YES;
				GCC_WARN_64_TO_32_BIT_CONVERSION = YES;
				GCC_WARN_ABOUT_RETURN_TYPE = YES_ERROR;
				GCC_WARN_UNDECLARED_SELECTOR = YES;
				GCC_WARN_UNINITIALIZED_AUTOS = YES_AGGRESSIVE;
				GCC_WARN_UNUSED_FUNCTION = YES;
				GCC_WARN_UNUSED_VARIABLE = YES;
				IPHONEOS_DEPLOYMENT_TARGET = 10.3;
				MTL_ENABLE_DEBUG_INFO = NO;
				SDKROOT = iphoneos;
				SWIFT_OPTIMIZATION_LEVEL = "-Owholemodule";
				TARGETED_DEVICE_FAMILY = "1,2";
				VALIDATE_PRODUCT = YES;
			};
			name = Release;
		};
		F320D77A1EAC27530019BB8D /* Debug */ = {
			isa = XCBuildConfiguration;
			buildSettings = {
				ASSETCATALOG_COMPILER_APPICON_NAME = AppIcon;
				DEVELOPMENT_TEAM = 4QK98EWKAE;
				INFOPLIST_FILE = FantasticView/Info.plist;
				LD_RUNPATH_SEARCH_PATHS = "$(inherited) @executable_path/Frameworks";
				PRODUCT_BUNDLE_IDENTIFIER = hashtagapps.FantasticView;
				PRODUCT_NAME = "$(TARGET_NAME)";
				SWIFT_VERSION = 3.0;
			};
			name = Debug;
		};
		F320D77B1EAC27530019BB8D /* Release */ = {
			isa = XCBuildConfiguration;
			buildSettings = {
				ASSETCATALOG_COMPILER_APPICON_NAME = AppIcon;
				DEVELOPMENT_TEAM = 4QK98EWKAE;
				INFOPLIST_FILE = FantasticView/Info.plist;
				LD_RUNPATH_SEARCH_PATHS = "$(inherited) @executable_path/Frameworks";
				PRODUCT_BUNDLE_IDENTIFIER = hashtagapps.FantasticView;
				PRODUCT_NAME = "$(TARGET_NAME)";
				SWIFT_VERSION = 3.0;
			};
			name = Release;
		};
/* End XCBuildConfiguration section */

/* Begin XCConfigurationList section */
		F320D7621EAC27530019BB8D /* Build configuration list for PBXProject "FantasticView" */ = {
			isa = XCConfigurationList;
			buildConfigurations = (
				F320D7771EAC27530019BB8D /* Debug */,
				F320D7781EAC27530019BB8D /* Release */,
			);
			defaultConfigurationIsVisible = 0;
			defaultConfigurationName = Release;
		};
		F320D7791EAC27530019BB8D /* Build configuration list for PBXNativeTarget "FantasticView" */ = {
			isa = XCConfigurationList;
			buildConfigurations = (
				F320D77A1EAC27530019BB8D /* Debug */,
				F320D77B1EAC27530019BB8D /* Release */,
			);
			defaultConfigurationIsVisible = 0;
		};
/* End XCConfigurationList section */
	};
	rootObject = F320D75F1EAC27530019BB8D /* Project object */;
}
